// !$*UTF8*$!
{
	archiveVersion = 1;
	classes = {
	};
	objectVersion = 55;
	objects = {

/* Begin PBXBuildFile section */
		49DAD2B590600C4B266C220E /* Pods_YoSwiftKing_YoSwiftKingUITests.framework in Frameworks */ = {isa = PBXBuildFile; fileRef = 7E4FEB4ADBB363004C4CAE97 /* Pods_YoSwiftKing_YoSwiftKingUITests.framework */; };
		842CD1A627BB3A5A003F8240 /* YoGifTextHeaderRefreshView.swift in Sources */ = {isa = PBXBuildFile; fileRef = 842CD1A527BB3A5A003F8240 /* YoGifTextHeaderRefreshView.swift */; };
		842CD1A827BB3DE3003F8240 /* YoIndicatorAutoFooterRefreshView.swift in Sources */ = {isa = PBXBuildFile; fileRef = 842CD1A727BB3DE3003F8240 /* YoIndicatorAutoFooterRefreshView.swift */; };
		842CD1AA27BB3F53003F8240 /* YoTextAutoFooterRefreshView.swift in Sources */ = {isa = PBXBuildFile; fileRef = 842CD1A927BB3F53003F8240 /* YoTextAutoFooterRefreshView.swift */; };
		842CD1AC27BB444F003F8240 /* UIScrollView+YoRefresh.swift in Sources */ = {isa = PBXBuildFile; fileRef = 842CD1AB27BB444F003F8240 /* UIScrollView+YoRefresh.swift */; };
		842CD1BC27BB83AC003F8240 /* YoRefreshListViewCtl.swift in Sources */ = {isa = PBXBuildFile; fileRef = 842CD1BB27BB83AC003F8240 /* YoRefreshListViewCtl.swift */; };
		842CD1BE27BB83F4003F8240 /* YoRefreshDetailViewCtl.swift in Sources */ = {isa = PBXBuildFile; fileRef = 842CD1BD27BB83F4003F8240 /* YoRefreshDetailViewCtl.swift */; };
		844A1ABF27BE204B00A1FC75 /* YoSuperCatHeaderRefreshView .swift in Sources */ = {isa = PBXBuildFile; fileRef = 844A1ABE27BE204B00A1FC75 /* YoSuperCatHeaderRefreshView .swift */; };
		844A1AC327BE26A800A1FC75 /* demo-small.gif in Resources */ = {isa = PBXBuildFile; fileRef = 844A1AC127BE26A800A1FC75 /* demo-small.gif */; };
		844A1AC427BE26A800A1FC75 /* demo-big.gif in Resources */ = {isa = PBXBuildFile; fileRef = 844A1AC227BE26A800A1FC75 /* demo-big.gif */; };
		846A367527B3A4C3004AEC34 /* AppDelegate.swift in Sources */ = {isa = PBXBuildFile; fileRef = 846A367427B3A4C3004AEC34 /* AppDelegate.swift */; };
		846A367727B3A4C3004AEC34 /* SceneDelegate.swift in Sources */ = {isa = PBXBuildFile; fileRef = 846A367627B3A4C3004AEC34 /* SceneDelegate.swift */; };
		846A367C27B3A4C3004AEC34 /* Main.storyboard in Resources */ = {isa = PBXBuildFile; fileRef = 846A367A27B3A4C3004AEC34 /* Main.storyboard */; };
		846A367E27B3A4C7004AEC34 /* Assets.xcassets in Resources */ = {isa = PBXBuildFile; fileRef = 846A367D27B3A4C7004AEC34 /* Assets.xcassets */; };
		846A368127B3A4C7004AEC34 /* LaunchScreen.storyboard in Resources */ = {isa = PBXBuildFile; fileRef = 846A367F27B3A4C7004AEC34 /* LaunchScreen.storyboard */; };
		846A368C27B3A4C7004AEC34 /* YoSwiftKingTests.swift in Sources */ = {isa = PBXBuildFile; fileRef = 846A368B27B3A4C7004AEC34 /* YoSwiftKingTests.swift */; };
		846A369627B3A4C7004AEC34 /* YoSwiftKingUITests.swift in Sources */ = {isa = PBXBuildFile; fileRef = 846A369527B3A4C7004AEC34 /* YoSwiftKingUITests.swift */; };
		846A369827B3A4C7004AEC34 /* YoSwiftKingUITestsLaunchTests.swift in Sources */ = {isa = PBXBuildFile; fileRef = 846A369727B3A4C7004AEC34 /* YoSwiftKingUITestsLaunchTests.swift */; };
		84974F5227C377510020F842 /* TradeMainViewCtl.swift in Sources */ = {isa = PBXBuildFile; fileRef = 84974F5127C377510020F842 /* TradeMainViewCtl.swift */; };
		84974F5527C377FF0020F842 /* TradeListTableViewCtl.swift in Sources */ = {isa = PBXBuildFile; fileRef = 84974F5427C377FF0020F842 /* TradeListTableViewCtl.swift */; };
		84974F5827C37B320020F842 /* TradeConfig.swift in Sources */ = {isa = PBXBuildFile; fileRef = 84974F5727C37B320020F842 /* TradeConfig.swift */; };
		84974F5A27C387770020F842 /* TradeListModel.swift in Sources */ = {isa = PBXBuildFile; fileRef = 84974F5927C387770020F842 /* TradeListModel.swift */; };
		84974F5C27C387910020F842 /* TradeListTableCell.swift in Sources */ = {isa = PBXBuildFile; fileRef = 84974F5B27C387910020F842 /* TradeListTableCell.swift */; };
		84974F6027C3906D0020F842 /* YoPageView.swift in Sources */ = {isa = PBXBuildFile; fileRef = 84974F5E27C3906D0020F842 /* YoPageView.swift */; };
		84974F6127C3906D0020F842 /* YoTabPagerBarView.swift in Sources */ = {isa = PBXBuildFile; fileRef = 84974F5F27C3906D0020F842 /* YoTabPagerBarView.swift */; };
		84974F6427C390D80020F842 /* UIView+Layout.swift in Sources */ = {isa = PBXBuildFile; fileRef = 84974F6327C390D80020F842 /* UIView+Layout.swift */; };
		84974F6727C391430020F842 /* NSObject+ClassName.swift in Sources */ = {isa = PBXBuildFile; fileRef = 84974F6627C391430020F842 /* NSObject+ClassName.swift */; };
		84974F6A27C3927C0020F842 /* String+Size.swift in Sources */ = {isa = PBXBuildFile; fileRef = 84974F6927C3927C0020F842 /* String+Size.swift */; };
		84974F6D27C39C090020F842 /* CGFloat+Config.swift in Sources */ = {isa = PBXBuildFile; fileRef = 84974F6C27C39C090020F842 /* CGFloat+Config.swift */; };
		84974F7027C4D03E0020F842 /* YoTagsView.swift in Sources */ = {isa = PBXBuildFile; fileRef = 84974F6F27C4D03E0020F842 /* YoTagsView.swift */; };
		84E16DEA27B3B46D00FD63A7 /* YoDarkModeColor.swift in Sources */ = {isa = PBXBuildFile; fileRef = 84E16DE827B3B46C00FD63A7 /* YoDarkModeColor.swift */; };
		84E16DEB27B3B46D00FD63A7 /* YoLaunchScreen.swift in Sources */ = {isa = PBXBuildFile; fileRef = 84E16DE927B3B46C00FD63A7 /* YoLaunchScreen.swift */; };
		84E16DF027B3B80E00FD63A7 /* YoBaseUITabBarController.swift in Sources */ = {isa = PBXBuildFile; fileRef = 84E16DEF27B3B80E00FD63A7 /* YoBaseUITabBarController.swift */; };
		84E16DFD27B3B98300FD63A7 /* YoUIColor+Gradient.swift in Sources */ = {isa = PBXBuildFile; fileRef = 84E16DF327B3B98300FD63A7 /* YoUIColor+Gradient.swift */; };
		84E16DFE27B3B98300FD63A7 /* YoUIColor+HexColor.swift in Sources */ = {isa = PBXBuildFile; fileRef = 84E16DF527B3B98300FD63A7 /* YoUIColor+HexColor.swift */; };
		84E16DFF27B3B98300FD63A7 /* YoUIColor+Rgb.swift in Sources */ = {isa = PBXBuildFile; fileRef = 84E16DF727B3B98300FD63A7 /* YoUIColor+Rgb.swift */; };
		84E16E0027B3B98300FD63A7 /* YoUIColor+Normal.swift in Sources */ = {isa = PBXBuildFile; fileRef = 84E16DF927B3B98300FD63A7 /* YoUIColor+Normal.swift */; };
		84E16E0127B3B98300FD63A7 /* YoUIImage+Color.swift in Sources */ = {isa = PBXBuildFile; fileRef = 84E16DFC27B3B98300FD63A7 /* YoUIImage+Color.swift */; };
		84E16E0827B3C0D100FD63A7 /* YoSwiftViewController.swift in Sources */ = {isa = PBXBuildFile; fileRef = 84E16E0727B3C0D100FD63A7 /* YoSwiftViewController.swift */; };
		84E16E0A27B3C17300FD63A7 /* YoFoundationViewController.swift in Sources */ = {isa = PBXBuildFile; fileRef = 84E16E0927B3C17300FD63A7 /* YoFoundationViewController.swift */; };
		84E16E0F27B3CC4D00FD63A7 /* YoBaseUINavigationController.swift in Sources */ = {isa = PBXBuildFile; fileRef = 84E16E0E27B3CC4D00FD63A7 /* YoBaseUINavigationController.swift */; };
		84E16E1127B3CF9A00FD63A7 /* YoBaseNavView.swift in Sources */ = {isa = PBXBuildFile; fileRef = 84E16E1027B3CF9A00FD63A7 /* YoBaseNavView.swift */; };
		84E16E1327B4BA0B00FD63A7 /* YoTabBarCtl.swift in Sources */ = {isa = PBXBuildFile; fileRef = 84E16E1227B4BA0B00FD63A7 /* YoTabBarCtl.swift */; };
		84E16E1527B4BB4700FD63A7 /* YoBaseUIViewController.swift in Sources */ = {isa = PBXBuildFile; fileRef = 84E16E1427B4BB4700FD63A7 /* YoBaseUIViewController.swift */; };
		84E16E1827B4F77500FD63A7 /* YoLibViewController.swift in Sources */ = {isa = PBXBuildFile; fileRef = 84E16E1727B4F77500FD63A7 /* YoLibViewController.swift */; };
		84E16E1E27B4F99200FD63A7 /* YoBaseTableListViewController.swift in Sources */ = {isa = PBXBuildFile; fileRef = 84E16E1D27B4F99200FD63A7 /* YoBaseTableListViewController.swift */; };
		84E16E2027B4FD5100FD63A7 /* YoBaseTableViewListCell.swift in Sources */ = {isa = PBXBuildFile; fileRef = 84E16E1F27B4FD5000FD63A7 /* YoBaseTableViewListCell.swift */; };
		84E16E2227B5110700FD63A7 /* YoBaseTableViewListHeaderView.swift in Sources */ = {isa = PBXBuildFile; fileRef = 84E16E2127B5110700FD63A7 /* YoBaseTableViewListHeaderView.swift */; };
		84E16E2627B5FD5B00FD63A7 /* YoBaseTableViewListModel.swift in Sources */ = {isa = PBXBuildFile; fileRef = 84E16E2527B5FD5B00FD63A7 /* YoBaseTableViewListModel.swift */; };
		84E16E2927B60D9200FD63A7 /* YoRefreshView.swift in Sources */ = {isa = PBXBuildFile; fileRef = 84E16E2827B60D9200FD63A7 /* YoRefreshView.swift */; };
		84E16E2B27B6111900FD63A7 /* YoRefreshConfig.swift in Sources */ = {isa = PBXBuildFile; fileRef = 84E16E2A27B6111900FD63A7 /* YoRefreshConfig.swift */; };
		84E16E2D27B665C000FD63A7 /* YoIndicatorRefreshView.swift in Sources */ = {isa = PBXBuildFile; fileRef = 84E16E2C27B665C000FD63A7 /* YoIndicatorRefreshView.swift */; };
		84E16E2F27B66A1F00FD63A7 /* YoIndicatorTextRefreshView.swift in Sources */ = {isa = PBXBuildFile; fileRef = 84E16E2E27B66A1F00FD63A7 /* YoIndicatorTextRefreshView.swift */; };
		84E16E3127B6793800FD63A7 /* YoGifHeaderRefreshView.swift in Sources */ = {isa = PBXBuildFile; fileRef = 84E16E3027B6793800FD63A7 /* YoGifHeaderRefreshView.swift */; };
		9065A99C9A156142478C824B /* Pods_YoSwiftKingTests.framework in Frameworks */ = {isa = PBXBuildFile; fileRef = 37477BC52B22035ACFA24758 /* Pods_YoSwiftKingTests.framework */; };
		F8AF43D9C1B211EDC3500AE7 /* Pods_YoSwiftKing.framework in Frameworks */ = {isa = PBXBuildFile; fileRef = D063842915709E551E4B880F /* Pods_YoSwiftKing.framework */; };
/* End PBXBuildFile section */

/* Begin PBXContainerItemProxy section */
		846A368827B3A4C7004AEC34 /* PBXContainerItemProxy */ = {
			isa = PBXContainerItemProxy;
			containerPortal = 846A366927B3A4C3004AEC34 /* Project object */;
			proxyType = 1;
			remoteGlobalIDString = 846A367027B3A4C3004AEC34;
			remoteInfo = YoSwiftKing;
		};
		846A369227B3A4C7004AEC34 /* PBXContainerItemProxy */ = {
			isa = PBXContainerItemProxy;
			containerPortal = 846A366927B3A4C3004AEC34 /* Project object */;
			proxyType = 1;
			remoteGlobalIDString = 846A367027B3A4C3004AEC34;
			remoteInfo = YoSwiftKing;
		};
/* End PBXContainerItemProxy section */

/* Begin PBXFileReference section */
		1EEFFC3F95C60043FE083372 /* Pods-YoSwiftKing.debug.xcconfig */ = {isa = PBXFileReference; includeInIndex = 1; lastKnownFileType = text.xcconfig; name = "Pods-YoSwiftKing.debug.xcconfig"; path = "Target Support Files/Pods-YoSwiftKing/Pods-YoSwiftKing.debug.xcconfig"; sourceTree = "<group>"; };
		3638CD8412F5FBD2D703C304 /* Pods-YoSwiftKing.release.xcconfig */ = {isa = PBXFileReference; includeInIndex = 1; lastKnownFileType = text.xcconfig; name = "Pods-YoSwiftKing.release.xcconfig"; path = "Target Support Files/Pods-YoSwiftKing/Pods-YoSwiftKing.release.xcconfig"; sourceTree = "<group>"; };
		37477BC52B22035ACFA24758 /* Pods_YoSwiftKingTests.framework */ = {isa = PBXFileReference; explicitFileType = wrapper.framework; includeInIndex = 0; path = Pods_YoSwiftKingTests.framework; sourceTree = BUILT_PRODUCTS_DIR; };
		46BF988287BCEF26308706AC /* Pods-YoSwiftKingTests.debug.xcconfig */ = {isa = PBXFileReference; includeInIndex = 1; lastKnownFileType = text.xcconfig; name = "Pods-YoSwiftKingTests.debug.xcconfig"; path = "Target Support Files/Pods-YoSwiftKingTests/Pods-YoSwiftKingTests.debug.xcconfig"; sourceTree = "<group>"; };
		72EDAF944996907CB359CF13 /* Pods-YoSwiftKing-YoSwiftKingUITests.debug.xcconfig */ = {isa = PBXFileReference; includeInIndex = 1; lastKnownFileType = text.xcconfig; name = "Pods-YoSwiftKing-YoSwiftKingUITests.debug.xcconfig"; path = "Target Support Files/Pods-YoSwiftKing-YoSwiftKingUITests/Pods-YoSwiftKing-YoSwiftKingUITests.debug.xcconfig"; sourceTree = "<group>"; };
		7E4FEB4ADBB363004C4CAE97 /* Pods_YoSwiftKing_YoSwiftKingUITests.framework */ = {isa = PBXFileReference; explicitFileType = wrapper.framework; includeInIndex = 0; path = Pods_YoSwiftKing_YoSwiftKingUITests.framework; sourceTree = BUILT_PRODUCTS_DIR; };
		842CD1A527BB3A5A003F8240 /* YoGifTextHeaderRefreshView.swift */ = {isa = PBXFileReference; lastKnownFileType = sourcecode.swift; path = YoGifTextHeaderRefreshView.swift; sourceTree = "<group>"; };
		842CD1A727BB3DE3003F8240 /* YoIndicatorAutoFooterRefreshView.swift */ = {isa = PBXFileReference; lastKnownFileType = sourcecode.swift; path = YoIndicatorAutoFooterRefreshView.swift; sourceTree = "<group>"; };
		842CD1A927BB3F53003F8240 /* YoTextAutoFooterRefreshView.swift */ = {isa = PBXFileReference; lastKnownFileType = sourcecode.swift; path = YoTextAutoFooterRefreshView.swift; sourceTree = "<group>"; };
		842CD1AB27BB444F003F8240 /* UIScrollView+YoRefresh.swift */ = {isa = PBXFileReference; lastKnownFileType = sourcecode.swift; path = "UIScrollView+YoRefresh.swift"; sourceTree = "<group>"; };
		842CD1BB27BB83AC003F8240 /* YoRefreshListViewCtl.swift */ = {isa = PBXFileReference; fileEncoding = 4; lastKnownFileType = sourcecode.swift; path = YoRefreshListViewCtl.swift; sourceTree = "<group>"; };
		842CD1BD27BB83F4003F8240 /* YoRefreshDetailViewCtl.swift */ = {isa = PBXFileReference; lastKnownFileType = sourcecode.swift; path = YoRefreshDetailViewCtl.swift; sourceTree = "<group>"; };
		844A1ABE27BE204B00A1FC75 /* YoSuperCatHeaderRefreshView .swift */ = {isa = PBXFileReference; lastKnownFileType = sourcecode.swift; path = "YoSuperCatHeaderRefreshView .swift"; sourceTree = "<group>"; };
		844A1AC127BE26A800A1FC75 /* demo-small.gif */ = {isa = PBXFileReference; lastKnownFileType = image.gif; path = "demo-small.gif"; sourceTree = "<group>"; };
		844A1AC227BE26A800A1FC75 /* demo-big.gif */ = {isa = PBXFileReference; lastKnownFileType = image.gif; path = "demo-big.gif"; sourceTree = "<group>"; };
		846A367127B3A4C3004AEC34 /* YoSwiftKing.app */ = {isa = PBXFileReference; explicitFileType = wrapper.application; includeInIndex = 0; path = YoSwiftKing.app; sourceTree = BUILT_PRODUCTS_DIR; };
		846A367427B3A4C3004AEC34 /* AppDelegate.swift */ = {isa = PBXFileReference; lastKnownFileType = sourcecode.swift; path = AppDelegate.swift; sourceTree = "<group>"; };
		846A367627B3A4C3004AEC34 /* SceneDelegate.swift */ = {isa = PBXFileReference; lastKnownFileType = sourcecode.swift; path = SceneDelegate.swift; sourceTree = "<group>"; };
		846A367B27B3A4C3004AEC34 /* Base */ = {isa = PBXFileReference; lastKnownFileType = file.storyboard; name = Base; path = Base.lproj/Main.storyboard; sourceTree = "<group>"; };
		846A367D27B3A4C7004AEC34 /* Assets.xcassets */ = {isa = PBXFileReference; lastKnownFileType = folder.assetcatalog; path = Assets.xcassets; sourceTree = "<group>"; };
		846A368027B3A4C7004AEC34 /* Base */ = {isa = PBXFileReference; lastKnownFileType = file.storyboard; name = Base; path = Base.lproj/LaunchScreen.storyboard; sourceTree = "<group>"; };
		846A368227B3A4C7004AEC34 /* Info.plist */ = {isa = PBXFileReference; lastKnownFileType = text.plist.xml; path = Info.plist; sourceTree = "<group>"; };
		846A368727B3A4C7004AEC34 /* YoSwiftKingTests.xctest */ = {isa = PBXFileReference; explicitFileType = wrapper.cfbundle; includeInIndex = 0; path = YoSwiftKingTests.xctest; sourceTree = BUILT_PRODUCTS_DIR; };
		846A368B27B3A4C7004AEC34 /* YoSwiftKingTests.swift */ = {isa = PBXFileReference; lastKnownFileType = sourcecode.swift; path = YoSwiftKingTests.swift; sourceTree = "<group>"; };
		846A369127B3A4C7004AEC34 /* YoSwiftKingUITests.xctest */ = {isa = PBXFileReference; explicitFileType = wrapper.cfbundle; includeInIndex = 0; path = YoSwiftKingUITests.xctest; sourceTree = BUILT_PRODUCTS_DIR; };
		846A369527B3A4C7004AEC34 /* YoSwiftKingUITests.swift */ = {isa = PBXFileReference; lastKnownFileType = sourcecode.swift; path = YoSwiftKingUITests.swift; sourceTree = "<group>"; };
		846A369727B3A4C7004AEC34 /* YoSwiftKingUITestsLaunchTests.swift */ = {isa = PBXFileReference; lastKnownFileType = sourcecode.swift; path = YoSwiftKingUITestsLaunchTests.swift; sourceTree = "<group>"; };
		84974F5127C377510020F842 /* TradeMainViewCtl.swift */ = {isa = PBXFileReference; lastKnownFileType = sourcecode.swift; path = TradeMainViewCtl.swift; sourceTree = "<group>"; };
		84974F5427C377FF0020F842 /* TradeListTableViewCtl.swift */ = {isa = PBXFileReference; lastKnownFileType = sourcecode.swift; path = TradeListTableViewCtl.swift; sourceTree = "<group>"; };
		84974F5727C37B320020F842 /* TradeConfig.swift */ = {isa = PBXFileReference; lastKnownFileType = sourcecode.swift; path = TradeConfig.swift; sourceTree = "<group>"; };
		84974F5927C387770020F842 /* TradeListModel.swift */ = {isa = PBXFileReference; lastKnownFileType = sourcecode.swift; path = TradeListModel.swift; sourceTree = "<group>"; };
		84974F5B27C387910020F842 /* TradeListTableCell.swift */ = {isa = PBXFileReference; lastKnownFileType = sourcecode.swift; path = TradeListTableCell.swift; sourceTree = "<group>"; };
		84974F5E27C3906D0020F842 /* YoPageView.swift */ = {isa = PBXFileReference; fileEncoding = 4; lastKnownFileType = sourcecode.swift; path = YoPageView.swift; sourceTree = "<group>"; };
		84974F5F27C3906D0020F842 /* YoTabPagerBarView.swift */ = {isa = PBXFileReference; fileEncoding = 4; lastKnownFileType = sourcecode.swift; path = YoTabPagerBarView.swift; sourceTree = "<group>"; };
		84974F6327C390D80020F842 /* UIView+Layout.swift */ = {isa = PBXFileReference; lastKnownFileType = sourcecode.swift; path = "UIView+Layout.swift"; sourceTree = "<group>"; };
		84974F6627C391430020F842 /* NSObject+ClassName.swift */ = {isa = PBXFileReference; lastKnownFileType = sourcecode.swift; path = "NSObject+ClassName.swift"; sourceTree = "<group>"; };
		84974F6927C3927C0020F842 /* String+Size.swift */ = {isa = PBXFileReference; lastKnownFileType = sourcecode.swift; path = "String+Size.swift"; sourceTree = "<group>"; };
		84974F6C27C39C090020F842 /* CGFloat+Config.swift */ = {isa = PBXFileReference; lastKnownFileType = sourcecode.swift; path = "CGFloat+Config.swift"; sourceTree = "<group>"; };
		84974F6F27C4D03E0020F842 /* YoTagsView.swift */ = {isa = PBXFileReference; lastKnownFileType = sourcecode.swift; path = YoTagsView.swift; sourceTree = "<group>"; };
		84E16DE827B3B46C00FD63A7 /* YoDarkModeColor.swift */ = {isa = PBXFileReference; fileEncoding = 4; lastKnownFileType = sourcecode.swift; path = YoDarkModeColor.swift; sourceTree = "<group>"; };
		84E16DE927B3B46C00FD63A7 /* YoLaunchScreen.swift */ = {isa = PBXFileReference; fileEncoding = 4; lastKnownFileType = sourcecode.swift; path = YoLaunchScreen.swift; sourceTree = "<group>"; };
		84E16DEF27B3B80E00FD63A7 /* YoBaseUITabBarController.swift */ = {isa = PBXFileReference; lastKnownFileType = sourcecode.swift; path = YoBaseUITabBarController.swift; sourceTree = "<group>"; };
		84E16DF327B3B98300FD63A7 /* YoUIColor+Gradient.swift */ = {isa = PBXFileReference; fileEncoding = 4; lastKnownFileType = sourcecode.swift; path = "YoUIColor+Gradient.swift"; sourceTree = "<group>"; };
		84E16DF527B3B98300FD63A7 /* YoUIColor+HexColor.swift */ = {isa = PBXFileReference; fileEncoding = 4; lastKnownFileType = sourcecode.swift; path = "YoUIColor+HexColor.swift"; sourceTree = "<group>"; };
		84E16DF727B3B98300FD63A7 /* YoUIColor+Rgb.swift */ = {isa = PBXFileReference; fileEncoding = 4; lastKnownFileType = sourcecode.swift; path = "YoUIColor+Rgb.swift"; sourceTree = "<group>"; };
		84E16DF927B3B98300FD63A7 /* YoUIColor+Normal.swift */ = {isa = PBXFileReference; fileEncoding = 4; lastKnownFileType = sourcecode.swift; path = "YoUIColor+Normal.swift"; sourceTree = "<group>"; };
		84E16DFC27B3B98300FD63A7 /* YoUIImage+Color.swift */ = {isa = PBXFileReference; fileEncoding = 4; lastKnownFileType = sourcecode.swift; path = "YoUIImage+Color.swift"; sourceTree = "<group>"; };
		84E16E0727B3C0D100FD63A7 /* YoSwiftViewController.swift */ = {isa = PBXFileReference; lastKnownFileType = sourcecode.swift; path = YoSwiftViewController.swift; sourceTree = "<group>"; };
		84E16E0927B3C17300FD63A7 /* YoFoundationViewController.swift */ = {isa = PBXFileReference; lastKnownFileType = sourcecode.swift; path = YoFoundationViewController.swift; sourceTree = "<group>"; };
		84E16E0E27B3CC4D00FD63A7 /* YoBaseUINavigationController.swift */ = {isa = PBXFileReference; lastKnownFileType = sourcecode.swift; path = YoBaseUINavigationController.swift; sourceTree = "<group>"; };
		84E16E1027B3CF9A00FD63A7 /* YoBaseNavView.swift */ = {isa = PBXFileReference; lastKnownFileType = sourcecode.swift; path = YoBaseNavView.swift; sourceTree = "<group>"; };
		84E16E1227B4BA0B00FD63A7 /* YoTabBarCtl.swift */ = {isa = PBXFileReference; lastKnownFileType = sourcecode.swift; path = YoTabBarCtl.swift; sourceTree = "<group>"; };
		84E16E1427B4BB4700FD63A7 /* YoBaseUIViewController.swift */ = {isa = PBXFileReference; lastKnownFileType = sourcecode.swift; path = YoBaseUIViewController.swift; sourceTree = "<group>"; };
		84E16E1727B4F77500FD63A7 /* YoLibViewController.swift */ = {isa = PBXFileReference; lastKnownFileType = sourcecode.swift; path = YoLibViewController.swift; sourceTree = "<group>"; };
		84E16E1D27B4F99200FD63A7 /* YoBaseTableListViewController.swift */ = {isa = PBXFileReference; lastKnownFileType = sourcecode.swift; path = YoBaseTableListViewController.swift; sourceTree = "<group>"; };
		84E16E1F27B4FD5000FD63A7 /* YoBaseTableViewListCell.swift */ = {isa = PBXFileReference; lastKnownFileType = sourcecode.swift; path = YoBaseTableViewListCell.swift; sourceTree = "<group>"; };
		84E16E2127B5110700FD63A7 /* YoBaseTableViewListHeaderView.swift */ = {isa = PBXFileReference; lastKnownFileType = sourcecode.swift; path = YoBaseTableViewListHeaderView.swift; sourceTree = "<group>"; };
		84E16E2527B5FD5B00FD63A7 /* YoBaseTableViewListModel.swift */ = {isa = PBXFileReference; lastKnownFileType = sourcecode.swift; path = YoBaseTableViewListModel.swift; sourceTree = "<group>"; };
		84E16E2827B60D9200FD63A7 /* YoRefreshView.swift */ = {isa = PBXFileReference; lastKnownFileType = sourcecode.swift; path = YoRefreshView.swift; sourceTree = "<group>"; };
		84E16E2A27B6111900FD63A7 /* YoRefreshConfig.swift */ = {isa = PBXFileReference; lastKnownFileType = sourcecode.swift; path = YoRefreshConfig.swift; sourceTree = "<group>"; };
		84E16E2C27B665C000FD63A7 /* YoIndicatorRefreshView.swift */ = {isa = PBXFileReference; lastKnownFileType = sourcecode.swift; path = YoIndicatorRefreshView.swift; sourceTree = "<group>"; };
		84E16E2E27B66A1F00FD63A7 /* YoIndicatorTextRefreshView.swift */ = {isa = PBXFileReference; lastKnownFileType = sourcecode.swift; path = YoIndicatorTextRefreshView.swift; sourceTree = "<group>"; };
		84E16E3027B6793800FD63A7 /* YoGifHeaderRefreshView.swift */ = {isa = PBXFileReference; lastKnownFileType = sourcecode.swift; path = YoGifHeaderRefreshView.swift; sourceTree = "<group>"; };
		A336371BDB189EDAB29E75FE /* Pods-YoSwiftKing-YoSwiftKingUITests.release.xcconfig */ = {isa = PBXFileReference; includeInIndex = 1; lastKnownFileType = text.xcconfig; name = "Pods-YoSwiftKing-YoSwiftKingUITests.release.xcconfig"; path = "Target Support Files/Pods-YoSwiftKing-YoSwiftKingUITests/Pods-YoSwiftKing-YoSwiftKingUITests.release.xcconfig"; sourceTree = "<group>"; };
		CFD891EB5005802FF0B6CE3F /* Pods-YoSwiftKingTests.release.xcconfig */ = {isa = PBXFileReference; includeInIndex = 1; lastKnownFileType = text.xcconfig; name = "Pods-YoSwiftKingTests.release.xcconfig"; path = "Target Support Files/Pods-YoSwiftKingTests/Pods-YoSwiftKingTests.release.xcconfig"; sourceTree = "<group>"; };
		D063842915709E551E4B880F /* Pods_YoSwiftKing.framework */ = {isa = PBXFileReference; explicitFileType = wrapper.framework; includeInIndex = 0; path = Pods_YoSwiftKing.framework; sourceTree = BUILT_PRODUCTS_DIR; };
/* End PBXFileReference section */

/* Begin PBXFrameworksBuildPhase section */
		846A366E27B3A4C3004AEC34 /* Frameworks */ = {
			isa = PBXFrameworksBuildPhase;
			buildActionMask = 2147483647;
			files = (
				F8AF43D9C1B211EDC3500AE7 /* Pods_YoSwiftKing.framework in Frameworks */,
			);
			runOnlyForDeploymentPostprocessing = 0;
		};
		846A368427B3A4C7004AEC34 /* Frameworks */ = {
			isa = PBXFrameworksBuildPhase;
			buildActionMask = 2147483647;
			files = (
				9065A99C9A156142478C824B /* Pods_YoSwiftKingTests.framework in Frameworks */,
			);
			runOnlyForDeploymentPostprocessing = 0;
		};
		846A368E27B3A4C7004AEC34 /* Frameworks */ = {
			isa = PBXFrameworksBuildPhase;
			buildActionMask = 2147483647;
			files = (
				49DAD2B590600C4B266C220E /* Pods_YoSwiftKing_YoSwiftKingUITests.framework in Frameworks */,
			);
			runOnlyForDeploymentPostprocessing = 0;
		};
/* End PBXFrameworksBuildPhase section */

/* Begin PBXGroup section */
		219C1E3240042EB5E60E54EE /* Frameworks */ = {
			isa = PBXGroup;
			children = (
				D063842915709E551E4B880F /* Pods_YoSwiftKing.framework */,
				7E4FEB4ADBB363004C4CAE97 /* Pods_YoSwiftKing_YoSwiftKingUITests.framework */,
				37477BC52B22035ACFA24758 /* Pods_YoSwiftKingTests.framework */,
			);
			name = Frameworks;
			sourceTree = "<group>";
		};
		68CC6E82A9E8223649C0DED4 /* Pods */ = {
			isa = PBXGroup;
			children = (
				1EEFFC3F95C60043FE083372 /* Pods-YoSwiftKing.debug.xcconfig */,
				3638CD8412F5FBD2D703C304 /* Pods-YoSwiftKing.release.xcconfig */,
				72EDAF944996907CB359CF13 /* Pods-YoSwiftKing-YoSwiftKingUITests.debug.xcconfig */,
				A336371BDB189EDAB29E75FE /* Pods-YoSwiftKing-YoSwiftKingUITests.release.xcconfig */,
				46BF988287BCEF26308706AC /* Pods-YoSwiftKingTests.debug.xcconfig */,
				CFD891EB5005802FF0B6CE3F /* Pods-YoSwiftKingTests.release.xcconfig */,
			);
			path = Pods;
			sourceTree = "<group>";
		};
		842CD1AD27BB79FE003F8240 /* YoRefresh */ = {
			isa = PBXGroup;
			children = (
				842CD1BB27BB83AC003F8240 /* YoRefreshListViewCtl.swift */,
				842CD1BD27BB83F4003F8240 /* YoRefreshDetailViewCtl.swift */,
				844A1ABE27BE204B00A1FC75 /* YoSuperCatHeaderRefreshView .swift */,
			);
			path = YoRefresh;
			sourceTree = "<group>";
		};
		842CD1B027BB7A54003F8240 /* YoLibDemo */ = {
			isa = PBXGroup;
			children = (
				844A1AC027BE260D00A1FC75 /* Resource */,
				842CD1AD27BB79FE003F8240 /* YoRefresh */,
			);
			path = YoLibDemo;
			sourceTree = "<group>";
		};
		844A1AC027BE260D00A1FC75 /* Resource */ = {
			isa = PBXGroup;
			children = (
				844A1AC227BE26A800A1FC75 /* demo-big.gif */,
				844A1AC127BE26A800A1FC75 /* demo-small.gif */,
			);
			path = Resource;
			sourceTree = "<group>";
		};
		846A366827B3A4C3004AEC34 = {
			isa = PBXGroup;
			children = (
				846A367327B3A4C3004AEC34 /* YoSwiftKing */,
				846A368A27B3A4C7004AEC34 /* YoSwiftKingTests */,
				846A369427B3A4C7004AEC34 /* YoSwiftKingUITests */,
				846A367227B3A4C3004AEC34 /* Products */,
				68CC6E82A9E8223649C0DED4 /* Pods */,
				219C1E3240042EB5E60E54EE /* Frameworks */,
			);
			sourceTree = "<group>";
		};
		846A367227B3A4C3004AEC34 /* Products */ = {
			isa = PBXGroup;
			children = (
				846A367127B3A4C3004AEC34 /* YoSwiftKing.app */,
				846A368727B3A4C7004AEC34 /* YoSwiftKingTests.xctest */,
				846A369127B3A4C7004AEC34 /* YoSwiftKingUITests.xctest */,
			);
			name = Products;
			sourceTree = "<group>";
		};
		846A367327B3A4C3004AEC34 /* YoSwiftKing */ = {
			isa = PBXGroup;
			children = (
				84E16E0227B3BC7F00FD63A7 /* Module */,
				84E16DE727B3B46C00FD63A7 /* KingLib */,
				846A367427B3A4C3004AEC34 /* AppDelegate.swift */,
				846A367627B3A4C3004AEC34 /* SceneDelegate.swift */,
				846A367A27B3A4C3004AEC34 /* Main.storyboard */,
				846A367D27B3A4C7004AEC34 /* Assets.xcassets */,
				846A367F27B3A4C7004AEC34 /* LaunchScreen.storyboard */,
				846A368227B3A4C7004AEC34 /* Info.plist */,
			);
			path = YoSwiftKing;
			sourceTree = "<group>";
		};
		846A368A27B3A4C7004AEC34 /* YoSwiftKingTests */ = {
			isa = PBXGroup;
			children = (
				846A368B27B3A4C7004AEC34 /* YoSwiftKingTests.swift */,
			);
			path = YoSwiftKingTests;
			sourceTree = "<group>";
		};
		846A369427B3A4C7004AEC34 /* YoSwiftKingUITests */ = {
			isa = PBXGroup;
			children = (
				846A369527B3A4C7004AEC34 /* YoSwiftKingUITests.swift */,
				846A369727B3A4C7004AEC34 /* YoSwiftKingUITestsLaunchTests.swift */,
			);
			path = YoSwiftKingUITests;
			sourceTree = "<group>";
		};
		84974F4E27C374C40020F842 /* Trade */ = {
			isa = PBXGroup;
			children = (
				84974F6E27C4D00E0020F842 /* YoTagView */,
				84974F5627C37B200020F842 /* Config */,
				84974F5327C377D10020F842 /* List */,
				84974F4F27C374EC0020F842 /* Main */,
			);
			path = Trade;
			sourceTree = "<group>";
		};
		84974F4F27C374EC0020F842 /* Main */ = {
			isa = PBXGroup;
			children = (
				84974F5127C377510020F842 /* TradeMainViewCtl.swift */,
			);
			path = Main;
			sourceTree = "<group>";
		};
		84974F5327C377D10020F842 /* List */ = {
			isa = PBXGroup;
			children = (
				84974F5427C377FF0020F842 /* TradeListTableViewCtl.swift */,
				84974F5927C387770020F842 /* TradeListModel.swift */,
				84974F5B27C387910020F842 /* TradeListTableCell.swift */,
			);
			path = List;
			sourceTree = "<group>";
		};
		84974F5627C37B200020F842 /* Config */ = {
			isa = PBXGroup;
			children = (
				84974F5727C37B320020F842 /* TradeConfig.swift */,
			);
			path = Config;
			sourceTree = "<group>";
		};
		84974F5D27C3906D0020F842 /* YoPage */ = {
			isa = PBXGroup;
			children = (
				84974F5E27C3906D0020F842 /* YoPageView.swift */,
				84974F5F27C3906D0020F842 /* YoTabPagerBarView.swift */,
			);
			path = YoPage;
			sourceTree = "<group>";
		};
		84974F6227C390BF0020F842 /* UIView+Layout */ = {
			isa = PBXGroup;
			children = (
				84974F6327C390D80020F842 /* UIView+Layout.swift */,
			);
			path = "UIView+Layout";
			sourceTree = "<group>";
		};
		84974F6527C391210020F842 /* NSObject+ClassName */ = {
			isa = PBXGroup;
			children = (
				84974F6627C391430020F842 /* NSObject+ClassName.swift */,
			);
			path = "NSObject+ClassName";
			sourceTree = "<group>";
		};
		84974F6827C392700020F842 /* NSString */ = {
			isa = PBXGroup;
			children = (
				84974F6927C3927C0020F842 /* String+Size.swift */,
			);
			path = NSString;
			sourceTree = "<group>";
		};
		84974F6B27C39BEF0020F842 /* CGFloat */ = {
			isa = PBXGroup;
			children = (
				84974F6C27C39C090020F842 /* CGFloat+Config.swift */,
			);
			path = CGFloat;
			sourceTree = "<group>";
		};
		84974F6E27C4D00E0020F842 /* YoTagView */ = {
			isa = PBXGroup;
			children = (
				84974F6F27C4D03E0020F842 /* YoTagsView.swift */,
			);
			path = YoTagView;
			sourceTree = "<group>";
		};
		84E16DE727B3B46C00FD63A7 /* KingLib */ = {
			isa = PBXGroup;
			children = (
				84974F6B27C39BEF0020F842 /* CGFloat */,
				84974F6827C392700020F842 /* NSString */,
				84974F6527C391210020F842 /* NSObject+ClassName */,
				84974F6227C390BF0020F842 /* UIView+Layout */,
				84974F5D27C3906D0020F842 /* YoPage */,
				84E16E2727B60D6000FD63A7 /* YoRefresh */,
				84E16DEC27B3B72A00FD63A7 /* YoBase */,
				84E16DF127B3B98300FD63A7 /* KingUIColor */,
				84E16DFA27B3B98300FD63A7 /* YoUIImage */,
				84E16DEE27B3B74700FD63A7 /* YoLaunchScreen */,
				84E16DED27B3B73300FD63A7 /* YoDark */,
			);
			path = KingLib;
			sourceTree = "<group>";
		};
		84E16DEC27B3B72A00FD63A7 /* YoBase */ = {
			isa = PBXGroup;
			children = (
				84E16DEF27B3B80E00FD63A7 /* YoBaseUITabBarController.swift */,
				84E16E0E27B3CC4D00FD63A7 /* YoBaseUINavigationController.swift */,
				84E16E1027B3CF9A00FD63A7 /* YoBaseNavView.swift */,
				84E16E1427B4BB4700FD63A7 /* YoBaseUIViewController.swift */,
			);
			path = YoBase;
			sourceTree = "<group>";
		};
		84E16DED27B3B73300FD63A7 /* YoDark */ = {
			isa = PBXGroup;
			children = (
				84E16DE827B3B46C00FD63A7 /* YoDarkModeColor.swift */,
			);
			path = YoDark;
			sourceTree = "<group>";
		};
		84E16DEE27B3B74700FD63A7 /* YoLaunchScreen */ = {
			isa = PBXGroup;
			children = (
				84E16DE927B3B46C00FD63A7 /* YoLaunchScreen.swift */,
			);
			path = YoLaunchScreen;
			sourceTree = "<group>";
		};
		84E16DF127B3B98300FD63A7 /* KingUIColor */ = {
			isa = PBXGroup;
			children = (
				84E16DF227B3B98300FD63A7 /* YoUIColor+Gradient */,
				84E16DF427B3B98300FD63A7 /* YoUIColor+HexColor */,
				84E16DF627B3B98300FD63A7 /* YoUIColor+Rgb */,
				84E16DF827B3B98300FD63A7 /* YoUIColor+Normal */,
			);
			path = KingUIColor;
			sourceTree = "<group>";
		};
		84E16DF227B3B98300FD63A7 /* YoUIColor+Gradient */ = {
			isa = PBXGroup;
			children = (
				84E16DF327B3B98300FD63A7 /* YoUIColor+Gradient.swift */,
			);
			path = "YoUIColor+Gradient";
			sourceTree = "<group>";
		};
		84E16DF427B3B98300FD63A7 /* YoUIColor+HexColor */ = {
			isa = PBXGroup;
			children = (
				84E16DF527B3B98300FD63A7 /* YoUIColor+HexColor.swift */,
			);
			path = "YoUIColor+HexColor";
			sourceTree = "<group>";
		};
		84E16DF627B3B98300FD63A7 /* YoUIColor+Rgb */ = {
			isa = PBXGroup;
			children = (
				84E16DF727B3B98300FD63A7 /* YoUIColor+Rgb.swift */,
			);
			path = "YoUIColor+Rgb";
			sourceTree = "<group>";
		};
		84E16DF827B3B98300FD63A7 /* YoUIColor+Normal */ = {
			isa = PBXGroup;
			children = (
				84E16DF927B3B98300FD63A7 /* YoUIColor+Normal.swift */,
			);
			path = "YoUIColor+Normal";
			sourceTree = "<group>";
		};
		84E16DFA27B3B98300FD63A7 /* YoUIImage */ = {
			isa = PBXGroup;
			children = (
				84E16DFB27B3B98300FD63A7 /* YoUIImage+Color */,
			);
			path = YoUIImage;
			sourceTree = "<group>";
		};
		84E16DFB27B3B98300FD63A7 /* YoUIImage+Color */ = {
			isa = PBXGroup;
			children = (
				84E16DFC27B3B98300FD63A7 /* YoUIImage+Color.swift */,
			);
			path = "YoUIImage+Color";
			sourceTree = "<group>";
		};
		84E16E0227B3BC7F00FD63A7 /* Module */ = {
			isa = PBXGroup;
			children = (
				84E16E1A27B4F82200FD63A7 /* ViewCtl */,
				84E16E1927B4F7EA00FD63A7 /* Base */,
				84E16E1627B4F75600FD63A7 /* Lib */,
				84E16E0C27B3C42600FD63A7 /* TabBar */,
			);
			path = Module;
			sourceTree = "<group>";
		};
		84E16E0327B3BC8600FD63A7 /* YoDemo */ = {
			isa = PBXGroup;
			children = (
			);
			path = YoDemo;
			sourceTree = "<group>";
		};
		84E16E0427B3BFC500FD63A7 /* YoUIKit */ = {
			isa = PBXGroup;
			children = (
			);
			path = YoUIKit;
			sourceTree = "<group>";
		};
		84E16E0527B3BFD700FD63A7 /* YoFoundation */ = {
			isa = PBXGroup;
			children = (
				84E16E0927B3C17300FD63A7 /* YoFoundationViewController.swift */,
			);
			path = YoFoundation;
			sourceTree = "<group>";
		};
		84E16E0627B3BFE900FD63A7 /* YoSwift */ = {
			isa = PBXGroup;
			children = (
				84E16E0727B3C0D100FD63A7 /* YoSwiftViewController.swift */,
			);
			path = YoSwift;
			sourceTree = "<group>";
		};
		84E16E0C27B3C42600FD63A7 /* TabBar */ = {
			isa = PBXGroup;
			children = (
				84E16E1227B4BA0B00FD63A7 /* YoTabBarCtl.swift */,
			);
			path = TabBar;
			sourceTree = "<group>";
		};
		84E16E1627B4F75600FD63A7 /* Lib */ = {
			isa = PBXGroup;
			children = (
				84E16E1727B4F77500FD63A7 /* YoLibViewController.swift */,
			);
			path = Lib;
			sourceTree = "<group>";
		};
		84E16E1927B4F7EA00FD63A7 /* Base */ = {
			isa = PBXGroup;
			children = (
			);
			path = Base;
			sourceTree = "<group>";
		};
		84E16E1A27B4F82200FD63A7 /* ViewCtl */ = {
			isa = PBXGroup;
			children = (
				84974F4E27C374C40020F842 /* Trade */,
				842CD1B027BB7A54003F8240 /* YoLibDemo */,
				84E16E1B27B4F86600FD63A7 /* Base */,
				84E16E0627B3BFE900FD63A7 /* YoSwift */,
				84E16E0527B3BFD700FD63A7 /* YoFoundation */,
				84E16E0427B3BFC500FD63A7 /* YoUIKit */,
				84E16E0327B3BC8600FD63A7 /* YoDemo */,
			);
			path = ViewCtl;
			sourceTree = "<group>";
		};
		84E16E1B27B4F86600FD63A7 /* Base */ = {
			isa = PBXGroup;
			children = (
				84E16E1C27B4F87600FD63A7 /* TableList */,
			);
			path = Base;
			sourceTree = "<group>";
		};
		84E16E1C27B4F87600FD63A7 /* TableList */ = {
			isa = PBXGroup;
			children = (
				84E16E1D27B4F99200FD63A7 /* YoBaseTableListViewController.swift */,
				84E16E1F27B4FD5000FD63A7 /* YoBaseTableViewListCell.swift */,
				84E16E2127B5110700FD63A7 /* YoBaseTableViewListHeaderView.swift */,
				84E16E2527B5FD5B00FD63A7 /* YoBaseTableViewListModel.swift */,
			);
			path = TableList;
			sourceTree = "<group>";
		};
		84E16E2727B60D6000FD63A7 /* YoRefresh */ = {
			isa = PBXGroup;
			children = (
				84E16E2A27B6111900FD63A7 /* YoRefreshConfig.swift */,
				84E16E2827B60D9200FD63A7 /* YoRefreshView.swift */,
				84E16E2C27B665C000FD63A7 /* YoIndicatorRefreshView.swift */,
				84E16E2E27B66A1F00FD63A7 /* YoIndicatorTextRefreshView.swift */,
				84E16E3027B6793800FD63A7 /* YoGifHeaderRefreshView.swift */,
				842CD1A527BB3A5A003F8240 /* YoGifTextHeaderRefreshView.swift */,
				842CD1A727BB3DE3003F8240 /* YoIndicatorAutoFooterRefreshView.swift */,
				842CD1A927BB3F53003F8240 /* YoTextAutoFooterRefreshView.swift */,
				842CD1AB27BB444F003F8240 /* UIScrollView+YoRefresh.swift */,
			);
			path = YoRefresh;
			sourceTree = "<group>";
		};
/* End PBXGroup section */

/* Begin PBXNativeTarget section */
		846A367027B3A4C3004AEC34 /* YoSwiftKing */ = {
			isa = PBXNativeTarget;
			buildConfigurationList = 846A369B27B3A4C7004AEC34 /* Build configuration list for PBXNativeTarget "YoSwiftKing" */;
			buildPhases = (
				492E365E8A8D632842139184 /* [CP] Check Pods Manifest.lock */,
				846A366D27B3A4C3004AEC34 /* Sources */,
				846A366E27B3A4C3004AEC34 /* Frameworks */,
				846A366F27B3A4C3004AEC34 /* Resources */,
				93492CC7962BAA88A6D35742 /* [CP] Embed Pods Frameworks */,
			);
			buildRules = (
			);
			dependencies = (
			);
			name = YoSwiftKing;
			productName = YoSwiftKing;
			productReference = 846A367127B3A4C3004AEC34 /* YoSwiftKing.app */;
			productType = "com.apple.product-type.application";
		};
		846A368627B3A4C7004AEC34 /* YoSwiftKingTests */ = {
			isa = PBXNativeTarget;
			buildConfigurationList = 846A369E27B3A4C7004AEC34 /* Build configuration list for PBXNativeTarget "YoSwiftKingTests" */;
			buildPhases = (
				F0A8B67AD8A3495B8C90BC7F /* [CP] Check Pods Manifest.lock */,
				846A368327B3A4C7004AEC34 /* Sources */,
				846A368427B3A4C7004AEC34 /* Frameworks */,
				846A368527B3A4C7004AEC34 /* Resources */,
			);
			buildRules = (
			);
			dependencies = (
				846A368927B3A4C7004AEC34 /* PBXTargetDependency */,
			);
			name = YoSwiftKingTests;
			productName = YoSwiftKingTests;
			productReference = 846A368727B3A4C7004AEC34 /* YoSwiftKingTests.xctest */;
			productType = "com.apple.product-type.bundle.unit-test";
		};
		846A369027B3A4C7004AEC34 /* YoSwiftKingUITests */ = {
			isa = PBXNativeTarget;
			buildConfigurationList = 846A36A127B3A4C7004AEC34 /* Build configuration list for PBXNativeTarget "YoSwiftKingUITests" */;
			buildPhases = (
				8027022019A28C889E1F9B91 /* [CP] Check Pods Manifest.lock */,
				846A368D27B3A4C7004AEC34 /* Sources */,
				846A368E27B3A4C7004AEC34 /* Frameworks */,
				846A368F27B3A4C7004AEC34 /* Resources */,
				5A4F77392BD6FA37D17E2B14 /* [CP] Embed Pods Frameworks */,
			);
			buildRules = (
			);
			dependencies = (
				846A369327B3A4C7004AEC34 /* PBXTargetDependency */,
			);
			name = YoSwiftKingUITests;
			productName = YoSwiftKingUITests;
			productReference = 846A369127B3A4C7004AEC34 /* YoSwiftKingUITests.xctest */;
			productType = "com.apple.product-type.bundle.ui-testing";
		};
/* End PBXNativeTarget section */

/* Begin PBXProject section */
		846A366927B3A4C3004AEC34 /* Project object */ = {
			isa = PBXProject;
			attributes = {
				BuildIndependentTargetsInParallel = 1;
				LastSwiftUpdateCheck = 1300;
				LastUpgradeCheck = 1300;
				TargetAttributes = {
					846A367027B3A4C3004AEC34 = {
						CreatedOnToolsVersion = 13.0;
					};
					846A368627B3A4C7004AEC34 = {
						CreatedOnToolsVersion = 13.0;
						TestTargetID = 846A367027B3A4C3004AEC34;
					};
					846A369027B3A4C7004AEC34 = {
						CreatedOnToolsVersion = 13.0;
						TestTargetID = 846A367027B3A4C3004AEC34;
					};
				};
			};
			buildConfigurationList = 846A366C27B3A4C3004AEC34 /* Build configuration list for PBXProject "YoSwiftKing" */;
			compatibilityVersion = "Xcode 13.0";
			developmentRegion = en;
			hasScannedForEncodings = 0;
			knownRegions = (
				en,
				Base,
			);
			mainGroup = 846A366827B3A4C3004AEC34;
			productRefGroup = 846A367227B3A4C3004AEC34 /* Products */;
			projectDirPath = "";
			projectRoot = "";
			targets = (
				846A367027B3A4C3004AEC34 /* YoSwiftKing */,
				846A368627B3A4C7004AEC34 /* YoSwiftKingTests */,
				846A369027B3A4C7004AEC34 /* YoSwiftKingUITests */,
			);
		};
/* End PBXProject section */

/* Begin PBXResourcesBuildPhase section */
		846A366F27B3A4C3004AEC34 /* Resources */ = {
			isa = PBXResourcesBuildPhase;
			buildActionMask = 2147483647;
			files = (
				846A368127B3A4C7004AEC34 /* LaunchScreen.storyboard in Resources */,
				844A1AC327BE26A800A1FC75 /* demo-small.gif in Resources */,
				846A367E27B3A4C7004AEC34 /* Assets.xcassets in Resources */,
				846A367C27B3A4C3004AEC34 /* Main.storyboard in Resources */,
				844A1AC427BE26A800A1FC75 /* demo-big.gif in Resources */,
			);
			runOnlyForDeploymentPostprocessing = 0;
		};
		846A368527B3A4C7004AEC34 /* Resources */ = {
			isa = PBXResourcesBuildPhase;
			buildActionMask = 2147483647;
			files = (
			);
			runOnlyForDeploymentPostprocessing = 0;
		};
		846A368F27B3A4C7004AEC34 /* Resources */ = {
			isa = PBXResourcesBuildPhase;
			buildActionMask = 2147483647;
			files = (
			);
			runOnlyForDeploymentPostprocessing = 0;
		};
/* End PBXResourcesBuildPhase section */

/* Begin PBXShellScriptBuildPhase section */
		492E365E8A8D632842139184 /* [CP] Check Pods Manifest.lock */ = {
			isa = PBXShellScriptBuildPhase;
			buildActionMask = 2147483647;
			files = (
			);
			inputFileListPaths = (
			);
			inputPaths = (
				"${PODS_PODFILE_DIR_PATH}/Podfile.lock",
				"${PODS_ROOT}/Manifest.lock",
			);
			name = "[CP] Check Pods Manifest.lock";
			outputFileListPaths = (
			);
			outputPaths = (
				"$(DERIVED_FILE_DIR)/Pods-YoSwiftKing-checkManifestLockResult.txt",
			);
			runOnlyForDeploymentPostprocessing = 0;
			shellPath = /bin/sh;
			shellScript = "diff \"${PODS_PODFILE_DIR_PATH}/Podfile.lock\" \"${PODS_ROOT}/Manifest.lock\" > /dev/null\nif [ $? != 0 ] ; then\n    # print error to STDERR\n    echo \"error: The sandbox is not in sync with the Podfile.lock. Run 'pod install' or update your CocoaPods installation.\" >&2\n    exit 1\nfi\n# This output is used by Xcode 'outputs' to avoid re-running this script phase.\necho \"SUCCESS\" > \"${SCRIPT_OUTPUT_FILE_0}\"\n";
			showEnvVarsInLog = 0;
		};
		5A4F77392BD6FA37D17E2B14 /* [CP] Embed Pods Frameworks */ = {
			isa = PBXShellScriptBuildPhase;
			buildActionMask = 2147483647;
			files = (
			);
			inputFileListPaths = (
				"${PODS_ROOT}/Target Support Files/Pods-YoSwiftKing-YoSwiftKingUITests/Pods-YoSwiftKing-YoSwiftKingUITests-frameworks-${CONFIGURATION}-input-files.xcfilelist",
			);
			name = "[CP] Embed Pods Frameworks";
			outputFileListPaths = (
				"${PODS_ROOT}/Target Support Files/Pods-YoSwiftKing-YoSwiftKingUITests/Pods-YoSwiftKing-YoSwiftKingUITests-frameworks-${CONFIGURATION}-output-files.xcfilelist",
			);
			runOnlyForDeploymentPostprocessing = 0;
			shellPath = /bin/sh;
			shellScript = "\"${PODS_ROOT}/Target Support Files/Pods-YoSwiftKing-YoSwiftKingUITests/Pods-YoSwiftKing-YoSwiftKingUITests-frameworks.sh\"\n";
			showEnvVarsInLog = 0;
		};
		8027022019A28C889E1F9B91 /* [CP] Check Pods Manifest.lock */ = {
			isa = PBXShellScriptBuildPhase;
			buildActionMask = 2147483647;
			files = (
			);
			inputFileListPaths = (
			);
			inputPaths = (
				"${PODS_PODFILE_DIR_PATH}/Podfile.lock",
				"${PODS_ROOT}/Manifest.lock",
			);
			name = "[CP] Check Pods Manifest.lock";
			outputFileListPaths = (
			);
			outputPaths = (
				"$(DERIVED_FILE_DIR)/Pods-YoSwiftKing-YoSwiftKingUITests-checkManifestLockResult.txt",
			);
			runOnlyForDeploymentPostprocessing = 0;
			shellPath = /bin/sh;
			shellScript = "diff \"${PODS_PODFILE_DIR_PATH}/Podfile.lock\" \"${PODS_ROOT}/Manifest.lock\" > /dev/null\nif [ $? != 0 ] ; then\n    # print error to STDERR\n    echo \"error: The sandbox is not in sync with the Podfile.lock. Run 'pod install' or update your CocoaPods installation.\" >&2\n    exit 1\nfi\n# This output is used by Xcode 'outputs' to avoid re-running this script phase.\necho \"SUCCESS\" > \"${SCRIPT_OUTPUT_FILE_0}\"\n";
			showEnvVarsInLog = 0;
		};
		93492CC7962BAA88A6D35742 /* [CP] Embed Pods Frameworks */ = {
			isa = PBXShellScriptBuildPhase;
			buildActionMask = 2147483647;
			files = (
			);
			inputFileListPaths = (
				"${PODS_ROOT}/Target Support Files/Pods-YoSwiftKing/Pods-YoSwiftKing-frameworks-${CONFIGURATION}-input-files.xcfilelist",
			);
			name = "[CP] Embed Pods Frameworks";
			outputFileListPaths = (
				"${PODS_ROOT}/Target Support Files/Pods-YoSwiftKing/Pods-YoSwiftKing-frameworks-${CONFIGURATION}-output-files.xcfilelist",
			);
			runOnlyForDeploymentPostprocessing = 0;
			shellPath = /bin/sh;
			shellScript = "\"${PODS_ROOT}/Target Support Files/Pods-YoSwiftKing/Pods-YoSwiftKing-frameworks.sh\"\n";
			showEnvVarsInLog = 0;
		};
		F0A8B67AD8A3495B8C90BC7F /* [CP] Check Pods Manifest.lock */ = {
			isa = PBXShellScriptBuildPhase;
			buildActionMask = 2147483647;
			files = (
			);
			inputFileListPaths = (
			);
			inputPaths = (
				"${PODS_PODFILE_DIR_PATH}/Podfile.lock",
				"${PODS_ROOT}/Manifest.lock",
			);
			name = "[CP] Check Pods Manifest.lock";
			outputFileListPaths = (
			);
			outputPaths = (
				"$(DERIVED_FILE_DIR)/Pods-YoSwiftKingTests-checkManifestLockResult.txt",
			);
			runOnlyForDeploymentPostprocessing = 0;
			shellPath = /bin/sh;
			shellScript = "diff \"${PODS_PODFILE_DIR_PATH}/Podfile.lock\" \"${PODS_ROOT}/Manifest.lock\" > /dev/null\nif [ $? != 0 ] ; then\n    # print error to STDERR\n    echo \"error: The sandbox is not in sync with the Podfile.lock. Run 'pod install' or update your CocoaPods installation.\" >&2\n    exit 1\nfi\n# This output is used by Xcode 'outputs' to avoid re-running this script phase.\necho \"SUCCESS\" > \"${SCRIPT_OUTPUT_FILE_0}\"\n";
			showEnvVarsInLog = 0;
		};
/* End PBXShellScriptBuildPhase section */

/* Begin PBXSourcesBuildPhase section */
		846A366D27B3A4C3004AEC34 /* Sources */ = {
			isa = PBXSourcesBuildPhase;
			buildActionMask = 2147483647;
			files = (
				842CD1A827BB3DE3003F8240 /* YoIndicatorAutoFooterRefreshView.swift in Sources */,
				84E16E2F27B66A1F00FD63A7 /* YoIndicatorTextRefreshView.swift in Sources */,
				84E16E0127B3B98300FD63A7 /* YoUIImage+Color.swift in Sources */,
				84E16E0F27B3CC4D00FD63A7 /* YoBaseUINavigationController.swift in Sources */,
				84E16E2627B5FD5B00FD63A7 /* YoBaseTableViewListModel.swift in Sources */,
				842CD1AC27BB444F003F8240 /* UIScrollView+YoRefresh.swift in Sources */,
				84E16E1327B4BA0B00FD63A7 /* YoTabBarCtl.swift in Sources */,
				842CD1BC27BB83AC003F8240 /* YoRefreshListViewCtl.swift in Sources */,
				84974F5A27C387770020F842 /* TradeListModel.swift in Sources */,
				84E16E1827B4F77500FD63A7 /* YoLibViewController.swift in Sources */,
				84974F6427C390D80020F842 /* UIView+Layout.swift in Sources */,
				844A1ABF27BE204B00A1FC75 /* YoSuperCatHeaderRefreshView .swift in Sources */,
				84974F5527C377FF0020F842 /* TradeListTableViewCtl.swift in Sources */,
				84974F6727C391430020F842 /* NSObject+ClassName.swift in Sources */,
				84E16E0827B3C0D100FD63A7 /* YoSwiftViewController.swift in Sources */,
				84E16DF027B3B80E00FD63A7 /* YoBaseUITabBarController.swift in Sources */,
				84974F5227C377510020F842 /* TradeMainViewCtl.swift in Sources */,
				84E16E1127B3CF9A00FD63A7 /* YoBaseNavView.swift in Sources */,
				84E16E2D27B665C000FD63A7 /* YoIndicatorRefreshView.swift in Sources */,
				846A367527B3A4C3004AEC34 /* AppDelegate.swift in Sources */,
				84974F6D27C39C090020F842 /* CGFloat+Config.swift in Sources */,
				84E16E2227B5110700FD63A7 /* YoBaseTableViewListHeaderView.swift in Sources */,
				84974F7027C4D03E0020F842 /* YoTagsView.swift in Sources */,
				84E16E0A27B3C17300FD63A7 /* YoFoundationViewController.swift in Sources */,
				84E16E1527B4BB4700FD63A7 /* YoBaseUIViewController.swift in Sources */,
				84E16DEA27B3B46D00FD63A7 /* YoDarkModeColor.swift in Sources */,
				84E16E3127B6793800FD63A7 /* YoGifHeaderRefreshView.swift in Sources */,
				84E16DEB27B3B46D00FD63A7 /* YoLaunchScreen.swift in Sources */,
				84974F6127C3906D0020F842 /* YoTabPagerBarView.swift in Sources */,
				84E16E1E27B4F99200FD63A7 /* YoBaseTableListViewController.swift in Sources */,
				84E16DFD27B3B98300FD63A7 /* YoUIColor+Gradient.swift in Sources */,
				84E16E2927B60D9200FD63A7 /* YoRefreshView.swift in Sources */,
				84E16DFF27B3B98300FD63A7 /* YoUIColor+Rgb.swift in Sources */,
				846A367727B3A4C3004AEC34 /* SceneDelegate.swift in Sources */,
				84974F5827C37B320020F842 /* TradeConfig.swift in Sources */,
				84E16E0027B3B98300FD63A7 /* YoUIColor+Normal.swift in Sources */,
				84E16E2B27B6111900FD63A7 /* YoRefreshConfig.swift in Sources */,
				84E16E2027B4FD5100FD63A7 /* YoBaseTableViewListCell.swift in Sources */,
				842CD1A627BB3A5A003F8240 /* YoGifTextHeaderRefreshView.swift in Sources */,
				84974F6A27C3927C0020F842 /* String+Size.swift in Sources */,
				84E16DFE27B3B98300FD63A7 /* YoUIColor+HexColor.swift in Sources */,
				842CD1AA27BB3F53003F8240 /* YoTextAutoFooterRefreshView.swift in Sources */,
				842CD1BE27BB83F4003F8240 /* YoRefreshDetailViewCtl.swift in Sources */,
				84974F5C27C387910020F842 /* TradeListTableCell.swift in Sources */,
				84974F6027C3906D0020F842 /* YoPageView.swift in Sources */,
			);
			runOnlyForDeploymentPostprocessing = 0;
		};
		846A368327B3A4C7004AEC34 /* Sources */ = {
			isa = PBXSourcesBuildPhase;
			buildActionMask = 2147483647;
			files = (
				846A368C27B3A4C7004AEC34 /* YoSwiftKingTests.swift in Sources */,
			);
			runOnlyForDeploymentPostprocessing = 0;
		};
		846A368D27B3A4C7004AEC34 /* Sources */ = {
			isa = PBXSourcesBuildPhase;
			buildActionMask = 2147483647;
			files = (
				846A369627B3A4C7004AEC34 /* YoSwiftKingUITests.swift in Sources */,
				846A369827B3A4C7004AEC34 /* YoSwiftKingUITestsLaunchTests.swift in Sources */,
			);
			runOnlyForDeploymentPostprocessing = 0;
		};
/* End PBXSourcesBuildPhase section */

/* Begin PBXTargetDependency section */
		846A368927B3A4C7004AEC34 /* PBXTargetDependency */ = {
			isa = PBXTargetDependency;
			target = 846A367027B3A4C3004AEC34 /* YoSwiftKing */;
			targetProxy = 846A368827B3A4C7004AEC34 /* PBXContainerItemProxy */;
		};
		846A369327B3A4C7004AEC34 /* PBXTargetDependency */ = {
			isa = PBXTargetDependency;
			target = 846A367027B3A4C3004AEC34 /* YoSwiftKing */;
			targetProxy = 846A369227B3A4C7004AEC34 /* PBXContainerItemProxy */;
		};
/* End PBXTargetDependency section */

/* Begin PBXVariantGroup section */
		846A367A27B3A4C3004AEC34 /* Main.storyboard */ = {
			isa = PBXVariantGroup;
			children = (
				846A367B27B3A4C3004AEC34 /* Base */,
			);
			name = Main.storyboard;
			sourceTree = "<group>";
		};
		846A367F27B3A4C7004AEC34 /* LaunchScreen.storyboard */ = {
			isa = PBXVariantGroup;
			children = (
				846A368027B3A4C7004AEC34 /* Base */,
			);
			name = LaunchScreen.storyboard;
			sourceTree = "<group>";
		};
/* End PBXVariantGroup section */

/* Begin XCBuildConfiguration section */
		846A369927B3A4C7004AEC34 /* Debug */ = {
			isa = XCBuildConfiguration;
			buildSettings = {
				ALWAYS_SEARCH_USER_PATHS = NO;
				CLANG_ANALYZER_NONNULL = YES;
				CLANG_ANALYZER_NUMBER_OBJECT_CONVERSION = YES_AGGRESSIVE;
				CLANG_CXX_LANGUAGE_STANDARD = "gnu++17";
				CLANG_CXX_LIBRARY = "libc++";
				CLANG_ENABLE_MODULES = YES;
				CLANG_ENABLE_OBJC_ARC = YES;
				CLANG_ENABLE_OBJC_WEAK = YES;
				CLANG_WARN_BLOCK_CAPTURE_AUTORELEASING = YES;
				CLANG_WARN_BOOL_CONVERSION = YES;
				CLANG_WARN_COMMA = YES;
				CLANG_WARN_CONSTANT_CONVERSION = YES;
				CLANG_WARN_DEPRECATED_OBJC_IMPLEMENTATIONS = YES;
				CLANG_WARN_DIRECT_OBJC_ISA_USAGE = YES_ERROR;
				CLANG_WARN_DOCUMENTATION_COMMENTS = YES;
				CLANG_WARN_EMPTY_BODY = YES;
				CLANG_WARN_ENUM_CONVERSION = YES;
				CLANG_WARN_INFINITE_RECURSION = YES;
				CLANG_WARN_INT_CONVERSION = YES;
				CLANG_WARN_NON_LITERAL_NULL_CONVERSION = YES;
				CLANG_WARN_OBJC_IMPLICIT_RETAIN_SELF = YES;
				CLANG_WARN_OBJC_LITERAL_CONVERSION = YES;
				CLANG_WARN_OBJC_ROOT_CLASS = YES_ERROR;
				CLANG_WARN_QUOTED_INCLUDE_IN_FRAMEWORK_HEADER = YES;
				CLANG_WARN_RANGE_LOOP_ANALYSIS = YES;
				CLANG_WARN_STRICT_PROTOTYPES = YES;
				CLANG_WARN_SUSPICIOUS_MOVE = YES;
				CLANG_WARN_UNGUARDED_AVAILABILITY = YES_AGGRESSIVE;
				CLANG_WARN_UNREACHABLE_CODE = YES;
				CLANG_WARN__DUPLICATE_METHOD_MATCH = YES;
				COPY_PHASE_STRIP = NO;
				DEBUG_INFORMATION_FORMAT = dwarf;
				ENABLE_STRICT_OBJC_MSGSEND = YES;
				ENABLE_TESTABILITY = YES;
				GCC_C_LANGUAGE_STANDARD = gnu11;
				GCC_DYNAMIC_NO_PIC = NO;
				GCC_NO_COMMON_BLOCKS = YES;
				GCC_OPTIMIZATION_LEVEL = 0;
				GCC_PREPROCESSOR_DEFINITIONS = (
					"DEBUG=1",
					"$(inherited)",
				);
				GCC_WARN_64_TO_32_BIT_CONVERSION = YES;
				GCC_WARN_ABOUT_RETURN_TYPE = YES_ERROR;
				GCC_WARN_UNDECLARED_SELECTOR = YES;
				GCC_WARN_UNINITIALIZED_AUTOS = YES_AGGRESSIVE;
				GCC_WARN_UNUSED_FUNCTION = YES;
				GCC_WARN_UNUSED_VARIABLE = YES;
				IPHONEOS_DEPLOYMENT_TARGET = 12.0;
				MTL_ENABLE_DEBUG_INFO = INCLUDE_SOURCE;
				MTL_FAST_MATH = YES;
				ONLY_ACTIVE_ARCH = YES;
				SDKROOT = iphoneos;
				SWIFT_ACTIVE_COMPILATION_CONDITIONS = DEBUG;
				SWIFT_OPTIMIZATION_LEVEL = "-Onone";
			};
			name = Debug;
		};
		846A369A27B3A4C7004AEC34 /* Release */ = {
			isa = XCBuildConfiguration;
			buildSettings = {
				ALWAYS_SEARCH_USER_PATHS = NO;
				CLANG_ANALYZER_NONNULL = YES;
				CLANG_ANALYZER_NUMBER_OBJECT_CONVERSION = YES_AGGRESSIVE;
				CLANG_CXX_LANGUAGE_STANDARD = "gnu++17";
				CLANG_CXX_LIBRARY = "libc++";
				CLANG_ENABLE_MODULES = YES;
				CLANG_ENABLE_OBJC_ARC = YES;
				CLANG_ENABLE_OBJC_WEAK = YES;
				CLANG_WARN_BLOCK_CAPTURE_AUTORELEASING = YES;
				CLANG_WARN_BOOL_CONVERSION = YES;
				CLANG_WARN_COMMA = YES;
				CLANG_WARN_CONSTANT_CONVERSION = YES;
				CLANG_WARN_DEPRECATED_OBJC_IMPLEMENTATIONS = YES;
				CLANG_WARN_DIRECT_OBJC_ISA_USAGE = YES_ERROR;
				CLANG_WARN_DOCUMENTATION_COMMENTS = YES;
				CLANG_WARN_EMPTY_BODY = YES;
				CLANG_WARN_ENUM_CONVERSION = YES;
				CLANG_WARN_INFINITE_RECURSION = YES;
				CLANG_WARN_INT_CONVERSION = YES;
				CLANG_WARN_NON_LITERAL_NULL_CONVERSION = YES;
				CLANG_WARN_OBJC_IMPLICIT_RETAIN_SELF = YES;
				CLANG_WARN_OBJC_LITERAL_CONVERSION = YES;
				CLANG_WARN_OBJC_ROOT_CLASS = YES_ERROR;
				CLANG_WARN_QUOTED_INCLUDE_IN_FRAMEWORK_HEADER = YES;
				CLANG_WARN_RANGE_LOOP_ANALYSIS = YES;
				CLANG_WARN_STRICT_PROTOTYPES = YES;
				CLANG_WARN_SUSPICIOUS_MOVE = YES;
				CLANG_WARN_UNGUARDED_AVAILABILITY = YES_AGGRESSIVE;
				CLANG_WARN_UNREACHABLE_CODE = YES;
				CLANG_WARN__DUPLICATE_METHOD_MATCH = YES;
				COPY_PHASE_STRIP = NO;
				DEBUG_INFORMATION_FORMAT = "dwarf-with-dsym";
				ENABLE_NS_ASSERTIONS = NO;
				ENABLE_STRICT_OBJC_MSGSEND = YES;
				GCC_C_LANGUAGE_STANDARD = gnu11;
				GCC_NO_COMMON_BLOCKS = YES;
				GCC_WARN_64_TO_32_BIT_CONVERSION = YES;
				GCC_WARN_ABOUT_RETURN_TYPE = YES_ERROR;
				GCC_WARN_UNDECLARED_SELECTOR = YES;
				GCC_WARN_UNINITIALIZED_AUTOS = YES_AGGRESSIVE;
				GCC_WARN_UNUSED_FUNCTION = YES;
				GCC_WARN_UNUSED_VARIABLE = YES;
				IPHONEOS_DEPLOYMENT_TARGET = 12.0;
				MTL_ENABLE_DEBUG_INFO = NO;
				MTL_FAST_MATH = YES;
				SDKROOT = iphoneos;
				SWIFT_COMPILATION_MODE = wholemodule;
				SWIFT_OPTIMIZATION_LEVEL = "-O";
				VALIDATE_PRODUCT = YES;
			};
			name = Release;
		};
		846A369C27B3A4C7004AEC34 /* Debug */ = {
			isa = XCBuildConfiguration;
			baseConfigurationReference = 1EEFFC3F95C60043FE083372 /* Pods-YoSwiftKing.debug.xcconfig */;
			buildSettings = {
				ASSETCATALOG_COMPILER_APPICON_NAME = AppIcon;
				ASSETCATALOG_COMPILER_GLOBAL_ACCENT_COLOR_NAME = AccentColor;
				CODE_SIGN_STYLE = Automatic;
				CURRENT_PROJECT_VERSION = 1;
				DEVELOPMENT_TEAM = BKME25WU4F;
				GENERATE_INFOPLIST_FILE = YES;
				INFOPLIST_FILE = YoSwiftKing/Info.plist;
				INFOPLIST_KEY_UIApplicationSupportsIndirectInputEvents = YES;
				INFOPLIST_KEY_UILaunchStoryboardName = LaunchScreen;
				INFOPLIST_KEY_UIMainStoryboardFile = Main;
				INFOPLIST_KEY_UISupportedInterfaceOrientations_iPad = "UIInterfaceOrientationPortrait UIInterfaceOrientationPortraitUpsideDown UIInterfaceOrientationLandscapeLeft UIInterfaceOrientationLandscapeRight";
				INFOPLIST_KEY_UISupportedInterfaceOrientations_iPhone = "UIInterfaceOrientationPortrait UIInterfaceOrientationLandscapeLeft UIInterfaceOrientationLandscapeRight";
				LD_RUNPATH_SEARCH_PATHS = (
					"$(inherited)",
					"@executable_path/Frameworks",
				);
				MARKETING_VERSION = 1.0;
				PRODUCT_BUNDLE_IDENTIFIER = Yo.YoSwiftKing;
				PRODUCT_NAME = "$(TARGET_NAME)";
				SWIFT_EMIT_LOC_STRINGS = YES;
				SWIFT_VERSION = 5.0;
				TARGETED_DEVICE_FAMILY = 1;
			};
			name = Debug;
		};
		846A369D27B3A4C7004AEC34 /* Release */ = {
			isa = XCBuildConfiguration;
			baseConfigurationReference = 3638CD8412F5FBD2D703C304 /* Pods-YoSwiftKing.release.xcconfig */;
			buildSettings = {
				ASSETCATALOG_COMPILER_APPICON_NAME = AppIcon;
				ASSETCATALOG_COMPILER_GLOBAL_ACCENT_COLOR_NAME = AccentColor;
				CODE_SIGN_STYLE = Automatic;
				CURRENT_PROJECT_VERSION = 1;
				DEVELOPMENT_TEAM = BKME25WU4F;
				GENERATE_INFOPLIST_FILE = YES;
				INFOPLIST_FILE = YoSwiftKing/Info.plist;
				INFOPLIST_KEY_UIApplicationSupportsIndirectInputEvents = YES;
				INFOPLIST_KEY_UILaunchStoryboardName = LaunchScreen;
				INFOPLIST_KEY_UIMainStoryboardFile = Main;
				INFOPLIST_KEY_UISupportedInterfaceOrientations_iPad = "UIInterfaceOrientationPortrait UIInterfaceOrientationPortraitUpsideDown UIInterfaceOrientationLandscapeLeft UIInterfaceOrientationLandscapeRight";
				INFOPLIST_KEY_UISupportedInterfaceOrientations_iPhone = "UIInterfaceOrientationPortrait UIInterfaceOrientationLandscapeLeft UIInterfaceOrientationLandscapeRight";
				LD_RUNPATH_SEARCH_PATHS = (
					"$(inherited)",
					"@executable_path/Frameworks",
				);
				MARKETING_VERSION = 1.0;
				PRODUCT_BUNDLE_IDENTIFIER = Yo.YoSwiftKing;
				PRODUCT_NAME = "$(TARGET_NAME)";
				SWIFT_EMIT_LOC_STRINGS = YES;
				SWIFT_VERSION = 5.0;
				TARGETED_DEVICE_FAMILY = 1;
			};
			name = Release;
		};
		846A369F27B3A4C7004AEC34 /* Debug */ = {
			isa = XCBuildConfiguration;
			baseConfigurationReference = 46BF988287BCEF26308706AC /* Pods-YoSwiftKingTests.debug.xcconfig */;
			buildSettings = {
				ALWAYS_EMBED_SWIFT_STANDARD_LIBRARIES = YES;
				BUNDLE_LOADER = "$(TEST_HOST)";
				CODE_SIGN_STYLE = Automatic;
				CURRENT_PROJECT_VERSION = 1;
				DEVELOPMENT_TEAM = BKME25WU4F;
				GENERATE_INFOPLIST_FILE = YES;
				IPHONEOS_DEPLOYMENT_TARGET = 15.0;
				LD_RUNPATH_SEARCH_PATHS = (
					"$(inherited)",
					"@executable_path/Frameworks",
					"@loader_path/Frameworks",
				);
				MARKETING_VERSION = 1.0;
				PRODUCT_BUNDLE_IDENTIFIER = Yo.YoSwiftKingTests;
				PRODUCT_NAME = "$(TARGET_NAME)";
				SWIFT_EMIT_LOC_STRINGS = NO;
				SWIFT_VERSION = 5.0;
				TARGETED_DEVICE_FAMILY = "1,2";
				TEST_HOST = "$(BUILT_PRODUCTS_DIR)/YoSwiftKing.app/YoSwiftKing";
			};
			name = Debug;
		};
		846A36A027B3A4C7004AEC34 /* Release */ = {
			isa = XCBuildConfiguration;
			baseConfigurationReference = CFD891EB5005802FF0B6CE3F /* Pods-YoSwiftKingTests.release.xcconfig */;
			buildSettings = {
				ALWAYS_EMBED_SWIFT_STANDARD_LIBRARIES = YES;
				BUNDLE_LOADER = "$(TEST_HOST)";
				CODE_SIGN_STYLE = Automatic;
				CURRENT_PROJECT_VERSION = 1;
				DEVELOPMENT_TEAM = BKME25WU4F;
				GENERATE_INFOPLIST_FILE = YES;
				IPHONEOS_DEPLOYMENT_TARGET = 15.0;
				LD_RUNPATH_SEARCH_PATHS = (
					"$(inherited)",
					"@executable_path/Frameworks",
					"@loader_path/Frameworks",
				);
				MARKETING_VERSION = 1.0;
				PRODUCT_BUNDLE_IDENTIFIER = Yo.YoSwiftKingTests;
				PRODUCT_NAME = "$(TARGET_NAME)";
				SWIFT_EMIT_LOC_STRINGS = NO;
				SWIFT_VERSION = 5.0;
				TARGETED_DEVICE_FAMILY = "1,2";
				TEST_HOST = "$(BUILT_PRODUCTS_DIR)/YoSwiftKing.app/YoSwiftKing";
			};
			name = Release;
		};
		846A36A227B3A4C7004AEC34 /* Debug */ = {
			isa = XCBuildConfiguration;
			baseConfigurationReference = 72EDAF944996907CB359CF13 /* Pods-YoSwiftKing-YoSwiftKingUITests.debug.xcconfig */;
			buildSettings = {
				ALWAYS_EMBED_SWIFT_STANDARD_LIBRARIES = YES;
				CODE_SIGN_STYLE = Automatic;
				CURRENT_PROJECT_VERSION = 1;
				DEVELOPMENT_TEAM = BKME25WU4F;
				GENERATE_INFOPLIST_FILE = YES;
				LD_RUNPATH_SEARCH_PATHS = (
					"$(inherited)",
					"@executable_path/Frameworks",
					"@loader_path/Frameworks",
				);
				MARKETING_VERSION = 1.0;
				PRODUCT_BUNDLE_IDENTIFIER = Yo.YoSwiftKingUITests;
				PRODUCT_NAME = "$(TARGET_NAME)";
				SWIFT_EMIT_LOC_STRINGS = NO;
				SWIFT_VERSION = 5.0;
				TARGETED_DEVICE_FAMILY = "1,2";
				TEST_TARGET_NAME = YoSwiftKing;
			};
			name = Debug;
		};
		846A36A327B3A4C7004AEC34 /* Release */ = {
			isa = XCBuildConfiguration;
			baseConfigurationReference = A336371BDB189EDAB29E75FE /* Pods-YoSwiftKing-YoSwiftKingUITests.release.xcconfig */;
			buildSettings = {
				ALWAYS_EMBED_SWIFT_STANDARD_LIBRARIES = YES;
				CODE_SIGN_STYLE = Automatic;
				CURRENT_PROJECT_VERSION = 1;
				DEVELOPMENT_TEAM = BKME25WU4F;
				GENERATE_INFOPLIST_FILE = YES;
				LD_RUNPATH_SEARCH_PATHS = (
					"$(inherited)",
					"@executable_path/Frameworks",
					"@loader_path/Frameworks",
				);
				MARKETING_VERSION = 1.0;
				PRODUCT_BUNDLE_IDENTIFIER = Yo.YoSwiftKingUITests;
				PRODUCT_NAME = "$(TARGET_NAME)";
				SWIFT_EMIT_LOC_STRINGS = NO;
				SWIFT_VERSION = 5.0;
				TARGETED_DEVICE_FAMILY = "1,2";
				TEST_TARGET_NAME = YoSwiftKing;
			};
			name = Release;
		};
/* End XCBuildConfiguration section */

/* Begin XCConfigurationList section */
		846A366C27B3A4C3004AEC34 /* Build configuration list for PBXProject "YoSwiftKing" */ = {
			isa = XCConfigurationList;
			buildConfigurations = (
				846A369927B3A4C7004AEC34 /* Debug */,
				846A369A27B3A4C7004AEC34 /* Release */,
			);
			defaultConfigurationIsVisible = 0;
			defaultConfigurationName = Release;
		};
		846A369B27B3A4C7004AEC34 /* Build configuration list for PBXNativeTarget "YoSwiftKing" */ = {
			isa = XCConfigurationList;
			buildConfigurations = (
				846A369C27B3A4C7004AEC34 /* Debug */,
				846A369D27B3A4C7004AEC34 /* Release */,
			);
			defaultConfigurationIsVisible = 0;
			defaultConfigurationName = Release;
		};
		846A369E27B3A4C7004AEC34 /* Build configuration list for PBXNativeTarget "YoSwiftKingTests" */ = {
			isa = XCConfigurationList;
			buildConfigurations = (
				846A369F27B3A4C7004AEC34 /* Debug */,
				846A36A027B3A4C7004AEC34 /* Release */,
			);
			defaultConfigurationIsVisible = 0;
			defaultConfigurationName = Release;
		};
		846A36A127B3A4C7004AEC34 /* Build configuration list for PBXNativeTarget "YoSwiftKingUITests" */ = {
			isa = XCConfigurationList;
			buildConfigurations = (
				846A36A227B3A4C7004AEC34 /* Debug */,
				846A36A327B3A4C7004AEC34 /* Release */,
			);
			defaultConfigurationIsVisible = 0;
			defaultConfigurationName = Release;
		};
/* End XCConfigurationList section */
	};
	rootObject = 846A366927B3A4C3004AEC34 /* Project object */;
}
